
Microsoft Visual Studio Solution File, Format Version 12.00
# Visual Studio Version 17
VisualStudioVersion = 17.14.36203.30 d17.14
MinimumVisualStudioVersion = 10.0.40219.1
Project("{FAE04EC0-301F-11D3-BF4B-00C04F79EFBC}") = "MovieOrganiser2000", "MovieOrganiser2000\MovieOrganiser2000.csproj", "{B880A243-746B-4565-ADB8-A0AA10425C59}"
EndProject
Global
	GlobalSection(SolutionConfigurationPlatforms) = preSolution
		Debug|Any CPU = Debug|Any CPU
		Release|Any CPU = Release|Any CPU
	EndGlobalSection
	GlobalSection(ProjectConfigurationPlatforms) = postSolution
		{B880A243-746B-4565-ADB8-A0AA10425C59}.Debug|Any CPU.ActiveCfg = Debug|Any CPU
		{B880A243-746B-4565-ADB8-A0AA10425C59}.Debug|Any CPU.Build.0 = Debug|Any CPU
		{B880A243-746B-4565-ADB8-A0AA10425C59}.Release|Any CPU.ActiveCfg = Release|Any CPU
		{B880A243-746B-4565-ADB8-A0AA10425C59}.Release|Any CPU.Build.0 = Release|Any CPU
	EndGlobalSection
	GlobalSection(SolutionProperties) = preSolution
		HideSolutionNode = FALSE
	EndGlobalSection
	GlobalSection(ExtensibilityGlobals) = postSolution
		SolutionGuid = {1E3141AD-E192-4564-B9B9-21844BEDAC4D}
	EndGlobalSection
EndGlobal
