
Microsoft Visual Studio Solution File, Format Version 12.00
# Visual Studio Version 17
VisualStudioVersion = 17.14.36408.4
MinimumVisualStudioVersion = 10.0.40219.1
Project("{FAE04EC0-301F-11D3-BF4B-00C04F79EFBC}") = "MovieOrganiser2000", "MovieOrganiser2000.csproj", "{736D17E0-AA83-55B6-CCB2-A63834C656DC}"
EndProject
Project("{FAE04EC0-301F-11D3-BF4B-00C04F79EFBC}") = "MovieOrganiser2000.UnitTest", "..\MovieOrganiser2000.UnitTest\MovieOrganiser2000.UnitTest.csproj", "{4DB2CC8D-AABF-4FCF-9243-CEEB01FEE63D}"
EndProject
Global
	GlobalSection(SolutionConfigurationPlatforms) = preSolution
		Debug|Any CPU = Debug|Any CPU
		Release|Any CPU = Release|Any CPU
	EndGlobalSection
	GlobalSection(ProjectConfigurationPlatforms) = postSolution
		{736D17E0-AA83-55B6-CCB2-A63834C656DC}.Debug|Any CPU.ActiveCfg = Debug|Any CPU
		{736D17E0-AA83-55B6-CCB2-A63834C656DC}.Debug|Any CPU.Build.0 = Debug|Any CPU
		{736D17E0-AA83-55B6-CCB2-A63834C656DC}.Release|Any CPU.ActiveCfg = Release|Any CPU
		{736D17E0-AA83-55B6-CCB2-A63834C656DC}.Release|Any CPU.Build.0 = Release|Any CPU
		{4DB2CC8D-AABF-4FCF-9243-CEEB01FEE63D}.Debug|Any CPU.ActiveCfg = Debug|Any CPU
		{4DB2CC8D-AABF-4FCF-9243-CEEB01FEE63D}.Debug|Any CPU.Build.0 = Debug|Any CPU
		{4DB2CC8D-AABF-4FCF-9243-CEEB01FEE63D}.Release|Any CPU.ActiveCfg = Release|Any CPU
		{4DB2CC8D-AABF-4FCF-9243-CEEB01FEE63D}.Release|Any CPU.Build.0 = Release|Any CPU
	EndGlobalSection
	GlobalSection(SolutionProperties) = preSolution
		HideSolutionNode = FALSE
	EndGlobalSection
	GlobalSection(ExtensibilityGlobals) = postSolution
		SolutionGuid = {CC4B2B00-4947-4EB5-83BE-D1890C19AA13}
	EndGlobalSection
EndGlobal
